
Microsoft Visual Studio Solution File, Format Version 12.00
# Visual Studio 15
VisualStudioVersion = 15.0.27428.2037
MinimumVisualStudioVersion = 10.0.40219.1
Project("{8BC9CEB8-8B4A-11D0-8D11-00A0C91BC942}") = "GBN_1", "GBN_1.vcxproj", "{657AFEC7-0729-47B0-8BA0-9A1837A4ED0F}"
EndProject
Global
	GlobalSection(SolutionConfigurationPlatforms) = preSolution
		Debug|x64 = Debug|x64
		Debug|x86 = Debug|x86
		Release|x64 = Release|x64
		Release|x86 = Release|x86
	EndGlobalSection
	GlobalSection(ProjectConfigurationPlatforms) = postSolution
		{657AFEC7-0729-47B0-8BA0-9A1837A4ED0F}.Debug|x64.ActiveCfg = Debug|x64
		{657AFEC7-0729-47B0-8BA0-9A1837A4ED0F}.Debug|x64.Build.0 = Debug|x64
		{657AFEC7-0729-47B0-8BA0-9A1837A4ED0F}.Debug|x86.ActiveCfg = Debug|Win32
		{657AFEC7-0729-47B0-8BA0-9A1837A4ED0F}.Debug|x86.Build.0 = Debug|Win32
		{657AFEC7-0729-47B0-8BA0-9A1837A4ED0F}.Release|x64.ActiveCfg = Release|x64
		{657AFEC7-0729-47B0-8BA0-9A1837A4ED0F}.Release|x64.Build.0 = Release|x64
		{657AFEC7-0729-47B0-8BA0-9A1837A4ED0F}.Release|x86.ActiveCfg = Release|Win32
		{657AFEC7-0729-47B0-8BA0-9A1837A4ED0F}.Release|x86.Build.0 = Release|Win32
	EndGlobalSection
	GlobalSection(SolutionProperties) = preSolution
		HideSolutionNode = FALSE
	EndGlobalSection
	GlobalSection(ExtensibilityGlobals) = postSolution
		SolutionGuid = {B8DB7F4E-411C-4191-AD8D-7C47701C8C9C}
	EndGlobalSection
EndGlobal
